
Microsoft Visual Studio Solution File, Format Version 12.00
# Visual Studio Version 16
VisualStudioVersion = 16.0.29613.14
MinimumVisualStudioVersion = 10.0.40219.1
Project("{9A19103F-16F7-4668-BE54-9A1E7A4F7556}") = "DrDocx-Models", "DrDocx-Models\DrDocx-Models.csproj", "{D07AC4D2-1E71-40C7-9135-17484F6A1833}"
EndProject
Project("{9A19103F-16F7-4668-BE54-9A1E7A4F7556}") = "DrDocx-Core", "DrDocx-Core\DrDocx-Core.csproj", "{376C95AB-9BCE-4664-AFC5-89731C7BA0C6}"
EndProject
Project("{9A19103F-16F7-4668-BE54-9A1E7A4F7556}") = "DrDocx-WordDocEditing", "DrDocx-WordDocEditing\DrDocx-WordDocEditing.csproj", "{2FB20E75-BFAB-4776-BBAC-43C43516055F}"
EndProject
Project("{FAE04EC0-301F-11D3-BF4B-00C04F79EFBC}") = "DrDocx-Tests", "DrDocx-Tests\DrDocx-Tests.csproj", "{9E6C49CA-6A21-4944-9F67-181793586C7F}"
EndProject
Global
	GlobalSection(SolutionConfigurationPlatforms) = preSolution
		Debug|Any CPU = Debug|Any CPU
		Release|Any CPU = Release|Any CPU
	EndGlobalSection
	GlobalSection(ProjectConfigurationPlatforms) = postSolution
		{D07AC4D2-1E71-40C7-9135-17484F6A1833}.Debug|Any CPU.ActiveCfg = Debug|Any CPU
		{D07AC4D2-1E71-40C7-9135-17484F6A1833}.Debug|Any CPU.Build.0 = Debug|Any CPU
		{D07AC4D2-1E71-40C7-9135-17484F6A1833}.Release|Any CPU.ActiveCfg = Release|Any CPU
		{D07AC4D2-1E71-40C7-9135-17484F6A1833}.Release|Any CPU.Build.0 = Release|Any CPU
		{376C95AB-9BCE-4664-AFC5-89731C7BA0C6}.Debug|Any CPU.ActiveCfg = Debug|Any CPU
		{376C95AB-9BCE-4664-AFC5-89731C7BA0C6}.Debug|Any CPU.Build.0 = Debug|Any CPU
		{376C95AB-9BCE-4664-AFC5-89731C7BA0C6}.Release|Any CPU.ActiveCfg = Release|Any CPU
		{376C95AB-9BCE-4664-AFC5-89731C7BA0C6}.Release|Any CPU.Build.0 = Release|Any CPU
		{2FB20E75-BFAB-4776-BBAC-43C43516055F}.Debug|Any CPU.ActiveCfg = Debug|Any CPU
		{2FB20E75-BFAB-4776-BBAC-43C43516055F}.Debug|Any CPU.Build.0 = Debug|Any CPU
		{2FB20E75-BFAB-4776-BBAC-43C43516055F}.Release|Any CPU.ActiveCfg = Release|Any CPU
		{2FB20E75-BFAB-4776-BBAC-43C43516055F}.Release|Any CPU.Build.0 = Release|Any CPU
		{9E6C49CA-6A21-4944-9F67-181793586C7F}.Debug|Any CPU.ActiveCfg = Debug|Any CPU
		{9E6C49CA-6A21-4944-9F67-181793586C7F}.Debug|Any CPU.Build.0 = Debug|Any CPU
		{9E6C49CA-6A21-4944-9F67-181793586C7F}.Release|Any CPU.ActiveCfg = Release|Any CPU
		{9E6C49CA-6A21-4944-9F67-181793586C7F}.Release|Any CPU.Build.0 = Release|Any CPU
	EndGlobalSection
	GlobalSection(SolutionProperties) = preSolution
		HideSolutionNode = FALSE
	EndGlobalSection
	GlobalSection(ExtensibilityGlobals) = postSolution
		SolutionGuid = {9229D39B-426C-4696-B3B1-CB2079C21A42}
	EndGlobalSection
EndGlobal
