
Microsoft Visual Studio Solution File, Format Version 12.00
# Visual Studio Version 16
VisualStudioVersion = 16.0.29613.14
MinimumVisualStudioVersion = 10.0.40219.1
Project("{FAE04EC0-301F-11D3-BF4B-00C04F79EFBC}") = "DrDocxModels", "..\DrDocxModels\DrDocxModels.csproj", "{ECCEDCF8-5ED5-4609-80F9-A997E62C3343}"
EndProject
Global
	GlobalSection(SolutionConfigurationPlatforms) = preSolution
		Debug|Any CPU = Debug|Any CPU
		Release|Any CPU = Release|Any CPU
	EndGlobalSection
	GlobalSection(ProjectConfigurationPlatforms) = postSolution
		{ECCEDCF8-5ED5-4609-80F9-A997E62C3343}.Debug|Any CPU.ActiveCfg = Debug|Any CPU
		{ECCEDCF8-5ED5-4609-80F9-A997E62C3343}.Debug|Any CPU.Build.0 = Debug|Any CPU
		{ECCEDCF8-5ED5-4609-80F9-A997E62C3343}.Release|Any CPU.ActiveCfg = Release|Any CPU
		{ECCEDCF8-5ED5-4609-80F9-A997E62C3343}.Release|Any CPU.Build.0 = Release|Any CPU
	EndGlobalSection
	GlobalSection(SolutionProperties) = preSolution
		HideSolutionNode = FALSE
	EndGlobalSection
	GlobalSection(ExtensibilityGlobals) = postSolution
		SolutionGuid = {E0D2DE16-5DAA-4DDD-8C08-31DB50E819E8}
	EndGlobalSection
EndGlobal
